
Microsoft Visual Studio Solution File, Format Version 12.00
# Visual Studio Version 16
VisualStudioVersion = 16.0.33529.622
MinimumVisualStudioVersion = 10.0.40219.1
Project("{FAE04EC0-301F-11D3-BF4B-00C04F79EFBC}") = "app", "app\app.csproj", "{8179F882-EBD6-4A82-885F-3B9A45DC2ACA}"
EndProject
Global
	GlobalSection(SolutionConfigurationPlatforms) = preSolution
		Debug|Any CPU = Debug|Any CPU
		Release|Any CPU = Release|Any CPU
	EndGlobalSection
	GlobalSection(ProjectConfigurationPlatforms) = postSolution
		{8179F882-EBD6-4A82-885F-3B9A45DC2ACA}.Debug|Any CPU.ActiveCfg = Debug|Any CPU
		{8179F882-EBD6-4A82-885F-3B9A45DC2ACA}.Debug|Any CPU.Build.0 = Debug|Any CPU
		{8179F882-EBD6-4A82-885F-3B9A45DC2ACA}.Release|Any CPU.ActiveCfg = Release|Any CPU
		{8179F882-EBD6-4A82-885F-3B9A45DC2ACA}.Release|Any CPU.Build.0 = Release|Any CPU
	EndGlobalSection
	GlobalSection(SolutionProperties) = preSolution
		HideSolutionNode = FALSE
	EndGlobalSection
	GlobalSection(ExtensibilityGlobals) = postSolution
		SolutionGuid = {253A641E-FB8B-4A08-A925-1314E8289F41}
	EndGlobalSection
EndGlobal
